$begin 'ConnectionParameters'
	DesktopProcessID=23352
	DesktopProcessPath='C:\\Program Files\\AnsysEM\\AnsysEM19.3\\Win64\\ansysedt.exe'
	LaunchedByWB=false
	$begin 'DesktopStubBlock'
		$begin 'CommDetails'
			TransportType=1
			IPAddress='192.168.56.1'
			ListenPort='64004'
			IPAddressVector[1: '130.209.160.166']
		$end 'CommDetails'
		$begin 'Marshall'
			InstanceID=503
			ProcID=23352
			InterfaceID=1
			FactoryIntID='DesktopInterfaceForWBProxyStubFactory'
		$end 'Marshall'
	$end 'DesktopStubBlock'
	$begin 'DesktopBackgroundObjStubBlock'
		$begin 'CommDetails'
			TransportType=1
			IPAddress='192.168.56.1'
			ListenPort='64004'
			IPAddressVector[1: '130.209.160.166']
		$end 'CommDetails'
		$begin 'Marshall'
			InstanceID=505
			ProcID=23352
			InterfaceID=2
			FactoryIntID='DesktopInterfaceForWBProxyStubFactory'
		$end 'Marshall'
	$end 'DesktopBackgroundObjStubBlock'
$end 'ConnectionParameters'
